# This file is @generated by PDM.
# It is not intended for manual editing.

[[package]]
name = "dotted-dict"
version = "1.1.3"
summary = "dict object with support for addressing keys in dot notation."

[[package]]
name = "recordclass"
version = "0.18.2"
summary = "Mutable variant of namedtuple -- recordclass, which support assignments, and other memory saving variants."

[[package]]
name = "sortedcontainers"
version = "2.4.0"
summary = "Sorted Containers -- Sorted List, Sorted Dict, Sorted Set"

[metadata]
lock_version = "4.1"
content_hash = "sha256:1838b476c6b29c9292d4c842f39ea56e3ad7b7d42ef0349b0fbdd8319e78ead1"

[metadata.files]
"dotted-dict 1.1.3" = [
    {url = "https://files.pythonhosted.org/packages/2a/af/eedd4185607f2454fd2ac661fd63921ef28c18e8e2c00ddeac5f6c84655b/dotted_dict-1.1.3.tar.gz", hash = "sha256:f148a1c15598db8295551ed1555bd35b91dec49359bec7b4657e9b2f35526965"},
    {url = "https://files.pythonhosted.org/packages/3e/92/d110cc64530c463d515c4da7416c5db70ceb601ed92a67a305eeaaf309eb/dotted_dict-1.1.3-py2.py3-none-any.whl", hash = "sha256:a78600ee63c6473581234249cc56263d472b31e812428e28f2217bbbbfb9df22"},
]
"recordclass 0.18.2" = [
    {url = "https://files.pythonhosted.org/packages/01/44/6120e9a60429628fc760b1e6d57ea44e9251c07cd57ea4966a74ab58c916/recordclass-0.18.2-cp310-cp310-win32.whl", hash = "sha256:9168a8fbd8ec518000ba753c0e210d4720b05f17d8440ac31b4624cb25786e18"},
    {url = "https://files.pythonhosted.org/packages/06/56/47723ab10bc18e4b59b1b7aa7e1d9051c4ec117fb137db07a3efb7141eb3/recordclass-0.18.2-cp38-cp38-win32.whl", hash = "sha256:cf91e38790e80ff0593fd58174986883d08902300c5db9c40504d0380765f9ca"},
    {url = "https://files.pythonhosted.org/packages/0f/31/d15e1a7aafe1c3ee4e0b1ccab3c4830e79f8f950010d90f0e77930cfeae2/recordclass-0.18.2-cp311-cp311-win32.whl", hash = "sha256:d63d1fde62c061042a6ce10692de6627054a42e5b98c44ff0580a831d7dc5072"},
    {url = "https://files.pythonhosted.org/packages/75/22/2c825978890469d0d2877bd417cbb5bc04be4846f8059beaf4effcb41bf8/recordclass-0.18.2-cp39-cp39-win_amd64.whl", hash = "sha256:9e8c777766ccc92e5c558998b99131b85dd2d02ea024fc1c911091b80c320af5"},
    {url = "https://files.pythonhosted.org/packages/7a/fa/d0f9ade18aaf1830098d0b388f322f0fc59d77e737326715333aabec9ce7/recordclass-0.18.2-cp37-cp37m-win_amd64.whl", hash = "sha256:7a4f748f00bb4c03b7385f2ffce66ec37805af054fa0dd6121e1bca7ca52f1fc"},
    {url = "https://files.pythonhosted.org/packages/89/ee/884a8070084e00940ec5b3a500dd59e60cd2c7c1a54de13c9f4fadbe4913/recordclass-0.18.2-cp36-cp36m-win_amd64.whl", hash = "sha256:acfac77e96179467f0c4ce2a7cf72e21dbce8fc3046dbac86491c8afb072976a"},
    {url = "https://files.pythonhosted.org/packages/a4/76/cc82836b1f1c60fb518ddf46cf8f4092b9cf83ba717968b45b62c38419fd/recordclass-0.18.2-cp310-cp310-win_amd64.whl", hash = "sha256:da0e90072b7dda79af0c58bd879d9ffd49e7c8951e7b66471883528d05dbbb40"},
    {url = "https://files.pythonhosted.org/packages/bd/00/0d1504f0f9e1ac70614c513dcaeec2944bd177c6e154cccb9874b44009a3/recordclass-0.18.2-cp38-cp38-win_amd64.whl", hash = "sha256:1fa5458b4b50358a4d266722f5eefe7c5274528ca4e81d372b3bd024c37f57e2"},
    {url = "https://files.pythonhosted.org/packages/c2/7b/983364446f2be1ebc188c04c6a0c3c2e63d0b0db9aa4c15889c251b532b7/recordclass-0.18.2-cp311-cp311-win_amd64.whl", hash = "sha256:f4ed30038796f0a67d35363f6501e12467d2ab6fc9286d65f6e8a2cdc8c4db07"},
    {url = "https://files.pythonhosted.org/packages/d6/0a/1b309a55ffad89011d978dcb997d71a83367c01c9030c5512e2773eb398f/recordclass-0.18.2-cp39-cp39-win32.whl", hash = "sha256:304f734f8cb72bacdc0e97c9c65c384233400b91b0a662c763f8d271d8001a52"},
    {url = "https://files.pythonhosted.org/packages/d7/49/fc2b3d4a32f00722a831f7b1743b5bd49fa4840c50ffc20f163e383e3a58/recordclass-0.18.2-cp36-cp36m-win32.whl", hash = "sha256:7b4ce1d8da2573da51969e7bec8a973981cf098396d9900dffca655cb5477660"},
    {url = "https://files.pythonhosted.org/packages/dd/9a/a50faac8b2d32b5d14d02ad175d54652a475326c59f7027d3e68fb85e28e/recordclass-0.18.2.tar.gz", hash = "sha256:9eb9bb485e7b1ce6c3475493cd26c4dd12be9cfec8359cc379b6bbe3549d4e65"},
    {url = "https://files.pythonhosted.org/packages/eb/7d/8d5d4fbd22b8c08319e2de1965125b8ea4f297defc01613794087518fa5b/recordclass-0.18.2-cp37-cp37m-win32.whl", hash = "sha256:50bd0c596c1bb7882ab91f18bb593a8bc32339c864280ce8f5c38dbbabbbc5f4"},
]
"sortedcontainers 2.4.0" = [
    {url = "https://files.pythonhosted.org/packages/32/46/9cb0e58b2deb7f82b84065f37f3bffeb12413f947f9388e4cac22c4621ce/sortedcontainers-2.4.0-py2.py3-none-any.whl", hash = "sha256:a163dcaede0f1c021485e957a39245190e74249897e2ae4b2aa38595db237ee0"},
    {url = "https://files.pythonhosted.org/packages/e8/c4/ba2f8066cceb6f23394729afe52f3bf7adec04bf9ed2c820b39e19299111/sortedcontainers-2.4.0.tar.gz", hash = "sha256:25caa5a06cc30b6b83d11423433f65d1f9d76c4c6a0c90e3379eaa43b9bfdb88"},
]
